// !$*UTF8*$!
{
	archiveVersion = 1;
	classes = {
	};
	objectVersion = 50;
	objects = {

/* Begin PBXBuildFile section */
		3D83C59C24B59D670057E8CA /* AppDelegate.swift in Sources */ = {isa = PBXBuildFile; fileRef = 3D83C59B24B59D670057E8CA /* AppDelegate.swift */; };
		3D83C59E24B59D670057E8CA /* SceneDelegate.swift in Sources */ = {isa = PBXBuildFile; fileRef = 3D83C59D24B59D670057E8CA /* SceneDelegate.swift */; };
		3D83C5A024B59D670057E8CA /* ViewController.swift in Sources */ = {isa = PBXBuildFile; fileRef = 3D83C59F24B59D670057E8CA /* ViewController.swift */; };
		3D83C5A324B59D670057E8CA /* Main.storyboard in Resources */ = {isa = PBXBuildFile; fileRef = 3D83C5A124B59D670057E8CA /* Main.storyboard */; };
		3D83C5A524B59D6B0057E8CA /* Assets.xcassets in Resources */ = {isa = PBXBuildFile; fileRef = 3D83C5A424B59D6B0057E8CA /* Assets.xcassets */; };
		3D83C5A824B59D6B0057E8CA /* LaunchScreen.storyboard in Resources */ = {isa = PBXBuildFile; fileRef = 3D83C5A624B59D6B0057E8CA /* LaunchScreen.storyboard */; };
		3D83C5B024B5A8CF0057E8CA /* StaticTableViewController.swift in Sources */ = {isa = PBXBuildFile; fileRef = 3D83C5AF24B5A8CF0057E8CA /* StaticTableViewController.swift */; };
		3D83C5B224B5AABE0057E8CA /* StaticTableViewCell1.swift in Sources */ = {isa = PBXBuildFile; fileRef = 3D83C5B124B5AABE0057E8CA /* StaticTableViewCell1.swift */; };
/* End PBXBuildFile section */

/* Begin PBXFileReference section */
		3D83C59824B59D670057E8CA /* TestA.app */ = {isa = PBXFileReference; explicitFileType = wrapper.application; includeInIndex = 0; path = TestA.app; sourceTree = BUILT_PRODUCTS_DIR; };
		3D83C59B24B59D670057E8CA /* AppDelegate.swift */ = {isa = PBXFileReference; lastKnownFileType = sourcecode.swift; path = AppDelegate.swift; sourceTree = "<group>"; };
		3D83C59D24B59D670057E8CA /* SceneDelegate.swift */ = {isa = PBXFileReference; lastKnownFileType = sourcecode.swift; path = SceneDelegate.swift; sourceTree = "<group>"; };
		3D83C59F24B59D670057E8CA /* ViewController.swift */ = {isa = PBXFileReference; lastKnownFileType = sourcecode.swift; path = ViewController.swift; sourceTree = "<group>"; };
		3D83C5A224B59D670057E8CA /* Base */ = {isa = PBXFileReference; lastKnownFileType = file.storyboard; name = Base; path = Base.lproj/Main.storyboard; sourceTree = "<group>"; };
		3D83C5A424B59D6B0057E8CA /* Assets.xcassets */ = {isa = PBXFileReference; lastKnownFileType = folder.assetcatalog; path = Assets.xcassets; sourceTree = "<group>"; };
		3D83C5A724B59D6B0057E8CA /* Base */ = {isa = PBXFileReference; lastKnownFileType = file.storyboard; name = Base; path = Base.lproj/LaunchScreen.storyboard; sourceTree = "<group>"; };
		3D83C5A924B59D6B0057E8CA /* Info.plist */ = {isa = PBXFileReference; lastKnownFileType = text.plist.xml; path = Info.plist; sourceTree = "<group>"; };
		3D83C5AF24B5A8CF0057E8CA /* StaticTableViewController.swift */ = {isa = PBXFileReference; lastKnownFileType = sourcecode.swift; path = StaticTableViewController.swift; sourceTree = "<group>"; };
		3D83C5B124B5AABE0057E8CA /* StaticTableViewCell1.swift */ = {isa = PBXFileReference; lastKnownFileType = sourcecode.swift; path = StaticTableViewCell1.swift; sourceTree = "<group>"; };
/* End PBXFileReference section */

/* Begin PBXFrameworksBuildPhase section */
		3D83C59524B59D670057E8CA /* Frameworks */ = {
			isa = PBXFrameworksBuildPhase;
			buildActionMask = 2147483647;
			files = (
			);
			runOnlyForDeploymentPostprocessing = 0;
		};
/* End PBXFrameworksBuildPhase section */

/* Begin PBXGroup section */
		3D83C58F24B59D670057E8CA = {
			isa = PBXGroup;
			children = (
				3D83C59A24B59D670057E8CA /* TestA */,
				3D83C59924B59D670057E8CA /* Products */,
			);
			sourceTree = "<group>";
		};
		3D83C59924B59D670057E8CA /* Products */ = {
			isa = PBXGroup;
			children = (
				3D83C59824B59D670057E8CA /* TestA.app */,
			);
			name = Products;
			sourceTree = "<group>";
		};
		3D83C59A24B59D670057E8CA /* TestA */ = {
			isa = PBXGroup;
			children = (
				3D83C59B24B59D670057E8CA /* AppDelegate.swift */,
				3D83C59D24B59D670057E8CA /* SceneDelegate.swift */,
				3D83C59F24B59D670057E8CA /* ViewController.swift */,
				3D83C5B124B5AABE0057E8CA /* StaticTableViewCell1.swift */,
				3D83C5AF24B5A8CF0057E8CA /* StaticTableViewController.swift */,
				3D83C5A124B59D670057E8CA /* Main.storyboard */,
				3D83C5A424B59D6B0057E8CA /* Assets.xcassets */,
				3D83C5A624B59D6B0057E8CA /* LaunchScreen.storyboard */,
				3D83C5A924B59D6B0057E8CA /* Info.plist */,
			);
			path = TestA;
			sourceTree = "<group>";
		};
/* End PBXGroup section */

/* Begin PBXNativeTarget section */
		3D83C59724B59D670057E8CA /* TestA */ = {
			isa = PBXNativeTarget;
			buildConfigurationList = 3D83C5AC24B59D6B0057E8CA /* Build configuration list for PBXNativeTarget "TestA" */;
			buildPhases = (
				3D83C59424B59D670057E8CA /* Sources */,
				3D83C59524B59D670057E8CA /* Frameworks */,
				3D83C59624B59D670057E8CA /* Resources */,
			);
			buildRules = (
			);
			dependencies = (
			);
			name = TestA;
			productName = TestA;
			productReference = 3D83C59824B59D670057E8CA /* TestA.app */;
			productType = "com.apple.product-type.application";
		};
/* End PBXNativeTarget section */

/* Begin PBXProject section */
		3D83C59024B59D670057E8CA /* Project object */ = {
			isa = PBXProject;
			attributes = {
				LastSwiftUpdateCheck = 1150;
				LastUpgradeCheck = 1150;
				ORGANIZATIONNAME = "William Hu";
				TargetAttributes = {
					3D83C59724B59D670057E8CA = {
						CreatedOnToolsVersion = 11.5;
					};
				};
			};
			buildConfigurationList = 3D83C59324B59D670057E8CA /* Build configuration list for PBXProject "TestA" */;
			compatibilityVersion = "Xcode 9.3";
			developmentRegion = en;
			hasScannedForEncodings = 0;
			knownRegions = (
				en,
				Base,
			);
			mainGroup = 3D83C58F24B59D670057E8CA;
			productRefGroup = 3D83C59924B59D670057E8CA /* Products */;
			projectDirPath = "";
			projectRoot = "";
			targets = (
				3D83C59724B59D670057E8CA /* TestA */,
			);
		};
/* End PBXProject section */

/* Begin PBXResourcesBuildPhase section */
		3D83C59624B59D670057E8CA /* Resources */ = {
			isa = PBXResourcesBuildPhase;
			buildActionMask = 2147483647;
			files = (
				3D83C5A824B59D6B0057E8CA /* LaunchScreen.storyboard in Resources */,
				3D83C5A524B59D6B0057E8CA /* Assets.xcassets in Resources */,
				3D83C5A324B59D670057E8CA /* Main.storyboard in Resources */,
			);
			runOnlyForDeploymentPostprocessing = 0;
		};
/* End PBXResourcesBuildPhase section */

/* Begin PBXSourcesBuildPhase section */
		3D83C59424B59D670057E8CA /* Sources */ = {
			isa = PBXSourcesBuildPhase;
			buildActionMask = 2147483647;
			files = (
				3D83C5B224B5AABE0057E8CA /* StaticTableViewCell1.swift in Sources */,
				3D83C5A024B59D670057E8CA /* ViewController.swift in Sources */,
				3D83C5B024B5A8CF0057E8CA /* StaticTableViewController.swift in Sources */,
				3D83C59C24B59D670057E8CA /* AppDelegate.swift in Sources */,
				3D83C59E24B59D670057E8CA /* SceneDelegate.swift in Sources */,
			);
			runOnlyForDeploymentPostprocessing = 0;
		};
/* End PBXSourcesBuildPhase section */

/* Begin PBXVariantGroup section */
		3D83C5A124B59D670057E8CA /* Main.storyboard */ = {
			isa = PBXVariantGroup;
			children = (
				3D83C5A224B59D670057E8CA /* Base */,
			);
			name = Main.storyboard;
			sourceTree = "<group>";
		};
		3D83C5A624B59D6B0057E8CA /* LaunchScreen.storyboard */ = {
			isa = PBXVariantGroup;
			children = (
				3D83C5A724B59D6B0057E8CA /* Base */,
			);
			name = LaunchScreen.storyboard;
			sourceTree = "<group>";
		};
/* End PBXVariantGroup section */

/* Begin XCBuildConfiguration section */
		3D83C5AA24B59D6B0057E8CA /* Debug */ = {
			isa = XCBuildConfiguration;
			buildSettings = {
				ALWAYS_SEARCH_USER_PATHS = NO;
				CLANG_ANALYZER_NONNULL = YES;
				CLANG_ANALYZER_NUMBER_OBJECT_CONVERSION = YES_AGGRESSIVE;
				CLANG_CXX_LANGUAGE_STANDARD = "gnu++14";
				CLANG_CXX_LIBRARY = "libc++";
				CLANG_ENABLE_MODULES = YES;
				CLANG_ENABLE_OBJC_ARC = YES;
				CLANG_ENABLE_OBJC_WEAK = YES;
				CLANG_WARN_BLOCK_CAPTURE_AUTORELEASING = YES;
				CLANG_WARN_BOOL_CONVERSION = YES;
				CLANG_WARN_COMMA = YES;
				CLANG_WARN_CONSTANT_CONVERSION = YES;
				CLANG_WARN_DEPRECATED_OBJC_IMPLEMENTATIONS = YES;
				CLANG_WARN_DIRECT_OBJC_ISA_USAGE = YES_ERROR;
				CLANG_WARN_DOCUMENTATION_COMMENTS = YES;
				CLANG_WARN_EMPTY_BODY = YES;
				CLANG_WARN_ENUM_CONVERSION = YES;
				CLANG_WARN_INFINITE_RECURSION = YES;
				CLANG_WARN_INT_CONVERSION = YES;
				CLANG_WARN_NON_LITERAL_NULL_CONVERSION = YES;
				CLANG_WARN_OBJC_IMPLICIT_RETAIN_SELF = YES;
				CLANG_WARN_OBJC_LITERAL_CONVERSION = YES;
				CLANG_WARN_OBJC_ROOT_CLASS = YES_ERROR;
				CLANG_WARN_RANGE_LOOP_ANALYSIS = YES;
				CLANG_WARN_STRICT_PROTOTYPES = YES;
				CLANG_WARN_SUSPICIOUS_MOVE = YES;
				CLANG_WARN_UNGUARDED_AVAILABILITY = YES_AGGRESSIVE;
				CLANG_WARN_UNREACHABLE_CODE = YES;
				CLANG_WARN__DUPLICATE_METHOD_MATCH = YES;
				COPY_PHASE_STRIP = NO;
				DEBUG_INFORMATION_FORMAT = dwarf;
				ENABLE_STRICT_OBJC_MSGSEND = YES;
				ENABLE_TESTABILITY = YES;
				GCC_C_LANGUAGE_STANDARD = gnu11;
				GCC_DYNAMIC_NO_PIC = NO;
				GCC_NO_COMMON_BLOCKS = YES;
				GCC_OPTIMIZATION_LEVEL = 0;
				GCC_PREPROCESSOR_DEFINITIONS = (
					"DEBUG=1",
					"$(inherited)",
				);
				GCC_WARN_64_TO_32_BIT_CONVERSION = YES;
				GCC_WARN_ABOUT_RETURN_TYPE = YES_ERROR;
				GCC_WARN_UNDECLARED_SELECTOR = YES;
				GCC_WARN_UNINITIALIZED_AUTOS = YES_AGGRESSIVE;
				GCC_WARN_UNUSED_FUNCTION = YES;
				GCC_WARN_UNUSED_VARIABLE = YES;
				IPHONEOS_DEPLOYMENT_TARGET = 13.5;
				MTL_ENABLE_DEBUG_INFO = INCLUDE_SOURCE;
				MTL_FAST_MATH = YES;
				ONLY_ACTIVE_ARCH = YES;
				SDKROOT = iphoneos;
				SWIFT_ACTIVE_COMPILATION_CONDITIONS = DEBUG;
				SWIFT_OPTIMIZATION_LEVEL = "-Onone";
			};
			name = Debug;
		};
		3D83C5AB24B59D6B0057E8CA /* Release */ = {
			isa = XCBuildConfiguration;
			buildSettings = {
				ALWAYS_SEARCH_USER_PATHS = NO;
				CLANG_ANALYZER_NONNULL = YES;
				CLANG_ANALYZER_NUMBER_OBJECT_CONVERSION = YES_AGGRESSIVE;
				CLANG_CXX_LANGUAGE_STANDARD = "gnu++14";
				CLANG_CXX_LIBRARY = "libc++";
				CLANG_ENABLE_MODULES = YES;
				CLANG_ENABLE_OBJC_ARC = YES;
				CLANG_ENABLE_OBJC_WEAK = YES;
				CLANG_WARN_BLOCK_CAPTURE_AUTORELEASING = YES;
				CLANG_WARN_BOOL_CONVERSION = YES;
				CLANG_WARN_COMMA = YES;
				CLANG_WARN_CONSTANT_CONVERSION = YES;
				CLANG_WARN_DEPRECATED_OBJC_IMPLEMENTATIONS = YES;
				CLANG_WARN_DIRECT_OBJC_ISA_USAGE = YES_ERROR;
				CLANG_WARN_DOCUMENTATION_COMMENTS = YES;
				CLANG_WARN_EMPTY_BODY = YES;
				CLANG_WARN_ENUM_CONVERSION = YES;
				CLANG_WARN_INFINITE_RECURSION = YES;
				CLANG_WARN_INT_CONVERSION = YES;
				CLANG_WARN_NON_LITERAL_NULL_CONVERSION = YES;
				CLANG_WARN_OBJC_IMPLICIT_RETAIN_SELF = YES;
				CLANG_WARN_OBJC_LITERAL_CONVERSION = YES;
				CLANG_WARN_OBJC_ROOT_CLASS = YES_ERROR;
				CLANG_WARN_RANGE_LOOP_ANALYSIS = YES;
				CLANG_WARN_STRICT_PROTOTYPES = YES;
				CLANG_WARN_SUSPICIOUS_MOVE = YES;
				CLANG_WARN_UNGUARDED_AVAILABILITY = YES_AGGRESSIVE;
				CLANG_WARN_UNREACHABLE_CODE = YES;
				CLANG_WARN__DUPLICATE_METHOD_MATCH = YES;
				COPY_PHASE_STRIP = NO;
				DEBUG_INFORMATION_FORMAT = "dwarf-with-dsym";
				ENABLE_NS_ASSERTIONS = NO;
				ENABLE_STRICT_OBJC_MSGSEND = YES;
				GCC_C_LANGUAGE_STANDARD = gnu11;
				GCC_NO_COMMON_BLOCKS = YES;
				GCC_WARN_64_TO_32_BIT_CONVERSION = YES;
				GCC_WARN_ABOUT_RETURN_TYPE = YES_ERROR;
				GCC_WARN_UNDECLARED_SELECTOR = YES;
				GCC_WARN_UNINITIALIZED_AUTOS = YES_AGGRESSIVE;
				GCC_WARN_UNUSED_FUNCTION = YES;
				GCC_WARN_UNUSED_VARIABLE = YES;
				IPHONEOS_DEPLOYMENT_TARGET = 13.5;
				MTL_ENABLE_DEBUG_INFO = NO;
				MTL_FAST_MATH = YES;
				SDKROOT = iphoneos;
				SWIFT_COMPILATION_MODE = wholemodule;
				SWIFT_OPTIMIZATION_LEVEL = "-O";
				VALIDATE_PRODUCT = YES;
			};
			name = Release;
		};
		3D83C5AD24B59D6B0057E8CA /* Debug */ = {
			isa = XCBuildConfiguration;
			buildSettings = {
				ASSETCATALOG_COMPILER_APPICON_NAME = AppIcon;
				CODE_SIGN_STYLE = Automatic;
				INFOPLIST_FILE = TestA/Info.plist;
				LD_RUNPATH_SEARCH_PATHS = (
					"$(inherited)",
					"@executable_path/Frameworks",
				);
				PRODUCT_BUNDLE_IDENTIFIER = com.yourcompany.TestA;
				PRODUCT_NAME = "$(TARGET_NAME)";
				SWIFT_VERSION = 5.0;
				TARGETED_DEVICE_FAMILY = "1,2";
			};
			name = Debug;
		};
		3D83C5AE24B59D6B0057E8CA /* Release */ = {
			isa = XCBuildConfiguration;
			buildSettings = {
				ASSETCATALOG_COMPILER_APPICON_NAME = AppIcon;
				CODE_SIGN_STYLE = Automatic;
				INFOPLIST_FILE = TestA/Info.plist;
				LD_RUNPATH_SEARCH_PATHS = (
					"$(inherited)",
					"@executable_path/Frameworks",
				);
				PRODUCT_BUNDLE_IDENTIFIER = com.yourcompany.TestA;
				PRODUCT_NAME = "$(TARGET_NAME)";
				SWIFT_VERSION = 5.0;
				TARGETED_DEVICE_FAMILY = "1,2";
			};
			name = Release;
		};
/* End XCBuildConfiguration section */

/* Begin XCConfigurationList section */
		3D83C59324B59D670057E8CA /* Build configuration list for PBXProject "TestA" */ = {
			isa = XCConfigurationList;
			buildConfigurations = (
				3D83C5AA24B59D6B0057E8CA /* Debug */,
				3D83C5AB24B59D6B0057E8CA /* Release */,
			);
			defaultConfigurationIsVisible = 0;
			defaultConfigurationName = Release;
		};
		3D83C5AC24B59D6B0057E8CA /* Build configuration list for PBXNativeTarget "TestA" */ = {
			isa = XCConfigurationList;
			buildConfigurations = (
				3D83C5AD24B59D6B0057E8CA /* Debug */,
				3D83C5AE24B59D6B0057E8CA /* Release */,
			);
			defaultConfigurationIsVisible = 0;
			defaultConfigurationName = Release;
		};
/* End XCConfigurationList section */
	};
	rootObject = 3D83C59024B59D670057E8CA /* Project object */;
}
